
Microsoft Visual Studio Solution File, Format Version 12.00
# Visual Studio Version 17
VisualStudioVersion = 17.14.36301.6
MinimumVisualStudioVersion = 10.0.40219.1
Project("{FAE04EC0-301F-11D3-BF4B-00C04F79EFBC}") = "Avae.Windows.Essentials", "Avae.Windows.Essentials.csproj", "{BA818CD2-13EB-3E30-AED8-F609D3296097}"
EndProject
Project("{FAE04EC0-301F-11D3-BF4B-00C04F79EFBC}") = "AvaloniaApplication3", "..\AvaloniaApplication3\AvaloniaApplication3.csproj", "{2C04F537-E631-DBD4-CA5C-F92ADEE62EDC}"
EndProject
Project("{FAE04EC0-301F-11D3-BF4B-00C04F79EFBC}") = "AvaloniaApplication3.Desktop", "..\AvaloniaApplication3.Desktop\AvaloniaApplication3.Desktop.csproj", "{F5BC6747-949D-8975-9FA9-78CB97F3F737}"
EndProject
Global
	GlobalSection(SolutionConfigurationPlatforms) = preSolution
		Debug|Any CPU = Debug|Any CPU
		Release|Any CPU = Release|Any CPU
	EndGlobalSection
	GlobalSection(ProjectConfigurationPlatforms) = postSolution
		{BA818CD2-13EB-3E30-AED8-F609D3296097}.Debug|Any CPU.ActiveCfg = Debug|Any CPU
		{BA818CD2-13EB-3E30-AED8-F609D3296097}.Debug|Any CPU.Build.0 = Debug|Any CPU
		{BA818CD2-13EB-3E30-AED8-F609D3296097}.Release|Any CPU.ActiveCfg = Release|Any CPU
		{BA818CD2-13EB-3E30-AED8-F609D3296097}.Release|Any CPU.Build.0 = Release|Any CPU
		{2C04F537-E631-DBD4-CA5C-F92ADEE62EDC}.Debug|Any CPU.ActiveCfg = Debug|Any CPU
		{2C04F537-E631-DBD4-CA5C-F92ADEE62EDC}.Debug|Any CPU.Build.0 = Debug|Any CPU
		{2C04F537-E631-DBD4-CA5C-F92ADEE62EDC}.Release|Any CPU.ActiveCfg = Release|Any CPU
		{2C04F537-E631-DBD4-CA5C-F92ADEE62EDC}.Release|Any CPU.Build.0 = Release|Any CPU
		{F5BC6747-949D-8975-9FA9-78CB97F3F737}.Debug|Any CPU.ActiveCfg = Debug|Any CPU
		{F5BC6747-949D-8975-9FA9-78CB97F3F737}.Debug|Any CPU.Build.0 = Debug|Any CPU
		{F5BC6747-949D-8975-9FA9-78CB97F3F737}.Release|Any CPU.ActiveCfg = Release|Any CPU
		{F5BC6747-949D-8975-9FA9-78CB97F3F737}.Release|Any CPU.Build.0 = Release|Any CPU
	EndGlobalSection
	GlobalSection(SolutionProperties) = preSolution
		HideSolutionNode = FALSE
	EndGlobalSection
	GlobalSection(ExtensibilityGlobals) = postSolution
		SolutionGuid = {2B4125B5-9DE2-42B8-9E10-1B70EE1CC34D}
	EndGlobalSection
EndGlobal
