
Microsoft Visual Studio Solution File, Format Version 12.00
# Visual Studio Version 17
VisualStudioVersion = 17.14.36301.6 d17.14
MinimumVisualStudioVersion = 10.0.40219.1
Project("{FAE04EC0-301F-11D3-BF4B-00C04F79EFBC}") = "Avae.Windows.Essentials", "Avae.Windows.Essentials.csproj", "{BA818CD2-13EB-3E30-AED8-F609D3296097}"
EndProject
Global
	GlobalSection(SolutionConfigurationPlatforms) = preSolution
		Debug|Any CPU = Debug|Any CPU
		Release|Any CPU = Release|Any CPU
	EndGlobalSection
	GlobalSection(ProjectConfigurationPlatforms) = postSolution
		{BA818CD2-13EB-3E30-AED8-F609D3296097}.Debug|Any CPU.ActiveCfg = Debug|Any CPU
		{BA818CD2-13EB-3E30-AED8-F609D3296097}.Debug|Any CPU.Build.0 = Debug|Any CPU
		{BA818CD2-13EB-3E30-AED8-F609D3296097}.Release|Any CPU.ActiveCfg = Release|Any CPU
		{BA818CD2-13EB-3E30-AED8-F609D3296097}.Release|Any CPU.Build.0 = Release|Any CPU
	EndGlobalSection
	GlobalSection(SolutionProperties) = preSolution
		HideSolutionNode = FALSE
	EndGlobalSection
	GlobalSection(ExtensibilityGlobals) = postSolution
		SolutionGuid = {2B4125B5-9DE2-42B8-9E10-1B70EE1CC34D}
	EndGlobalSection
EndGlobal
